
Microsoft Visual Studio Solution File, Format Version 12.00
# Visual Studio Version 16
VisualStudioVersion = 16.0.30621.155
MinimumVisualStudioVersion = 10.0.40219.1
Project("{FAE04EC0-301F-11D3-BF4B-00C04F79EFBC}") = "TextAnalytics-Demo", "TextAnalytics-Demo\TextAnalytics-Demo.csproj", "{AC96DA14-8F2C-466C-AF93-F938A84AF579}"
EndProject
Global
	GlobalSection(SolutionConfigurationPlatforms) = preSolution
		Debug|Any CPU = Debug|Any CPU
		Release|Any CPU = Release|Any CPU
	EndGlobalSection
	GlobalSection(ProjectConfigurationPlatforms) = postSolution
		{AC96DA14-8F2C-466C-AF93-F938A84AF579}.Debug|Any CPU.ActiveCfg = Debug|Any CPU
		{AC96DA14-8F2C-466C-AF93-F938A84AF579}.Debug|Any CPU.Build.0 = Debug|Any CPU
		{AC96DA14-8F2C-466C-AF93-F938A84AF579}.Release|Any CPU.ActiveCfg = Release|Any CPU
		{AC96DA14-8F2C-466C-AF93-F938A84AF579}.Release|Any CPU.Build.0 = Release|Any CPU
	EndGlobalSection
	GlobalSection(SolutionProperties) = preSolution
		HideSolutionNode = FALSE
	EndGlobalSection
	GlobalSection(ExtensibilityGlobals) = postSolution
		SolutionGuid = {05870647-C9E3-48C2-B0CE-8707C327CBA2}
	EndGlobalSection
EndGlobal
